
Microsoft Visual Studio Solution File, Format Version 12.00
# Visual Studio Version 16
VisualStudioVersion = 16.0.31729.503
MinimumVisualStudioVersion = 10.0.40219.1
Project("{FAE04EC0-301F-11D3-BF4B-00C04F79EFBC}") = "ChatWebService", "ChatWebService\ChatWebService.csproj", "{1D9F21E2-A4B2-4921-9221-D67FE026DC32}"
EndProject
Project("{FAE04EC0-301F-11D3-BF4B-00C04F79EFBC}") = "MaterialSkin", "MaterialSkin\MaterialSkin.csproj", "{8EB7611B-68CD-4B8B-987A-11717E2B250C}"
EndProject
Project("{FAE04EC0-301F-11D3-BF4B-00C04F79EFBC}") = "ChatClient", "ChatClient\ChatClient.csproj", "{67B19F91-BB4F-481F-AC18-DB90C21BF236}"
EndProject
Global
	GlobalSection(SolutionConfigurationPlatforms) = preSolution
		Debug|Any CPU = Debug|Any CPU
		Release|Any CPU = Release|Any CPU
	EndGlobalSection
	GlobalSection(ProjectConfigurationPlatforms) = postSolution
		{1D9F21E2-A4B2-4921-9221-D67FE026DC32}.Debug|Any CPU.ActiveCfg = Debug|Any CPU
		{1D9F21E2-A4B2-4921-9221-D67FE026DC32}.Debug|Any CPU.Build.0 = Debug|Any CPU
		{1D9F21E2-A4B2-4921-9221-D67FE026DC32}.Release|Any CPU.ActiveCfg = Release|Any CPU
		{1D9F21E2-A4B2-4921-9221-D67FE026DC32}.Release|Any CPU.Build.0 = Release|Any CPU
		{8EB7611B-68CD-4B8B-987A-11717E2B250C}.Debug|Any CPU.ActiveCfg = Debug|Any CPU
		{8EB7611B-68CD-4B8B-987A-11717E2B250C}.Debug|Any CPU.Build.0 = Debug|Any CPU
		{8EB7611B-68CD-4B8B-987A-11717E2B250C}.Release|Any CPU.ActiveCfg = Release|Any CPU
		{8EB7611B-68CD-4B8B-987A-11717E2B250C}.Release|Any CPU.Build.0 = Release|Any CPU
		{67B19F91-BB4F-481F-AC18-DB90C21BF236}.Debug|Any CPU.ActiveCfg = Debug|Any CPU
		{67B19F91-BB4F-481F-AC18-DB90C21BF236}.Debug|Any CPU.Build.0 = Debug|Any CPU
		{67B19F91-BB4F-481F-AC18-DB90C21BF236}.Release|Any CPU.ActiveCfg = Release|Any CPU
		{67B19F91-BB4F-481F-AC18-DB90C21BF236}.Release|Any CPU.Build.0 = Release|Any CPU
	EndGlobalSection
	GlobalSection(SolutionProperties) = preSolution
		HideSolutionNode = FALSE
	EndGlobalSection
	GlobalSection(ExtensibilityGlobals) = postSolution
		SolutionGuid = {28D07CB2-769F-4E5D-9150-631281FCB644}
	EndGlobalSection
EndGlobal
